
Microsoft Visual Studio Solution File, Format Version 12.00
# Visual Studio Version 17
VisualStudioVersion = 17.8.34316.72
MinimumVisualStudioVersion = 10.0.40219.1
Project("{FAE04EC0-301F-11D3-BF4B-00C04F79EFBC}") = "DZ_13_1_List_of_references", "DZ_13_1_List_of_references.csproj", "{C085B1E9-409C-45D8-A59A-16CDAA9749E3}"
EndProject
Global
	GlobalSection(SolutionConfigurationPlatforms) = preSolution
		Debug|Any CPU = Debug|Any CPU
		Release|Any CPU = Release|Any CPU
	EndGlobalSection
	GlobalSection(ProjectConfigurationPlatforms) = postSolution
		{C085B1E9-409C-45D8-A59A-16CDAA9749E3}.Debug|Any CPU.ActiveCfg = Debug|Any CPU
		{C085B1E9-409C-45D8-A59A-16CDAA9749E3}.Debug|Any CPU.Build.0 = Debug|Any CPU
		{C085B1E9-409C-45D8-A59A-16CDAA9749E3}.Release|Any CPU.ActiveCfg = Release|Any CPU
		{C085B1E9-409C-45D8-A59A-16CDAA9749E3}.Release|Any CPU.Build.0 = Release|Any CPU
	EndGlobalSection
	GlobalSection(SolutionProperties) = preSolution
		HideSolutionNode = FALSE
	EndGlobalSection
	GlobalSection(ExtensibilityGlobals) = postSolution
		SolutionGuid = {2AF0A493-9F68-4208-944D-03A03EC5F23E}
	EndGlobalSection
EndGlobal
