
Microsoft Visual Studio Solution File, Format Version 12.00
# Visual Studio Version 17
VisualStudioVersion = 17.8.34316.72
MinimumVisualStudioVersion = 10.0.40219.1
Project("{FAE04EC0-301F-11D3-BF4B-00C04F79EFBC}") = "DZ_9_1_Work_with_arrays_2", "DZ_9_1_Work_with_arrays_2.csproj", "{89ABCCCF-EB66-4B32-A828-FB02979A976F}"
EndProject
Global
	GlobalSection(SolutionConfigurationPlatforms) = preSolution
		Debug|Any CPU = Debug|Any CPU
		Release|Any CPU = Release|Any CPU
	EndGlobalSection
	GlobalSection(ProjectConfigurationPlatforms) = postSolution
		{89ABCCCF-EB66-4B32-A828-FB02979A976F}.Debug|Any CPU.ActiveCfg = Debug|Any CPU
		{89ABCCCF-EB66-4B32-A828-FB02979A976F}.Debug|Any CPU.Build.0 = Debug|Any CPU
		{89ABCCCF-EB66-4B32-A828-FB02979A976F}.Release|Any CPU.ActiveCfg = Release|Any CPU
		{89ABCCCF-EB66-4B32-A828-FB02979A976F}.Release|Any CPU.Build.0 = Release|Any CPU
	EndGlobalSection
	GlobalSection(SolutionProperties) = preSolution
		HideSolutionNode = FALSE
	EndGlobalSection
	GlobalSection(ExtensibilityGlobals) = postSolution
		SolutionGuid = {8BC274CE-027C-4711-80E2-65554E26B27C}
	EndGlobalSection
EndGlobal
