
Microsoft Visual Studio Solution File, Format Version 12.00
# Visual Studio Version 17
VisualStudioVersion = 17.8.34316.72
MinimumVisualStudioVersion = 10.0.40219.1
Project("{FAE04EC0-301F-11D3-BF4B-00C04F79EFBC}") = "DZ_11_1_Gallows", "DZ_11_1_Gallows.csproj", "{D437F5FD-E938-4591-8D30-4262608733EA}"
EndProject
Global
	GlobalSection(SolutionConfigurationPlatforms) = preSolution
		Debug|Any CPU = Debug|Any CPU
		Release|Any CPU = Release|Any CPU
	EndGlobalSection
	GlobalSection(ProjectConfigurationPlatforms) = postSolution
		{D437F5FD-E938-4591-8D30-4262608733EA}.Debug|Any CPU.ActiveCfg = Debug|Any CPU
		{D437F5FD-E938-4591-8D30-4262608733EA}.Debug|Any CPU.Build.0 = Debug|Any CPU
		{D437F5FD-E938-4591-8D30-4262608733EA}.Release|Any CPU.ActiveCfg = Release|Any CPU
		{D437F5FD-E938-4591-8D30-4262608733EA}.Release|Any CPU.Build.0 = Release|Any CPU
	EndGlobalSection
	GlobalSection(SolutionProperties) = preSolution
		HideSolutionNode = FALSE
	EndGlobalSection
	GlobalSection(ExtensibilityGlobals) = postSolution
		SolutionGuid = {54CAFE17-E83A-4DDA-927E-B0AA945A97DB}
	EndGlobalSection
EndGlobal
