
Microsoft Visual Studio Solution File, Format Version 12.00
# Visual Studio Version 17
VisualStudioVersion = 17.8.34316.72
MinimumVisualStudioVersion = 10.0.40219.1
Project("{FAE04EC0-301F-11D3-BF4B-00C04F79EFBC}") = "DZ_8_1_Working_with_arrays", "DZ_8_1_Working_with_arrays.csproj", "{BD7650BD-88DA-427A-B9A0-E433E50A1B5B}"
EndProject
Global
	GlobalSection(SolutionConfigurationPlatforms) = preSolution
		Debug|Any CPU = Debug|Any CPU
		Release|Any CPU = Release|Any CPU
	EndGlobalSection
	GlobalSection(ProjectConfigurationPlatforms) = postSolution
		{BD7650BD-88DA-427A-B9A0-E433E50A1B5B}.Debug|Any CPU.ActiveCfg = Debug|Any CPU
		{BD7650BD-88DA-427A-B9A0-E433E50A1B5B}.Debug|Any CPU.Build.0 = Debug|Any CPU
		{BD7650BD-88DA-427A-B9A0-E433E50A1B5B}.Release|Any CPU.ActiveCfg = Release|Any CPU
		{BD7650BD-88DA-427A-B9A0-E433E50A1B5B}.Release|Any CPU.Build.0 = Release|Any CPU
	EndGlobalSection
	GlobalSection(SolutionProperties) = preSolution
		HideSolutionNode = FALSE
	EndGlobalSection
	GlobalSection(ExtensibilityGlobals) = postSolution
		SolutionGuid = {412A6CD3-5934-4F79-8B76-7EF304FCCE50}
	EndGlobalSection
EndGlobal
